// !$*UTF8*$!
{
	archiveVersion = 1;
	classes = {
	};
	objectVersion = 46;
	objects = {

/* Begin PBXBuildFile section */
		22505AC91EC779E500E60A99 /* RatingControl.swift in Sources */ = {isa = PBXBuildFile; fileRef = 22505AC81EC779E500E60A99 /* RatingControl.swift */; };
		22505ACB1EC793C200E60A99 /* Meal.swift in Sources */ = {isa = PBXBuildFile; fileRef = 22505ACA1EC793C200E60A99 /* Meal.swift */; };
		22C1D57C1EBFBF9300BD19FC /* AppDelegate.swift in Sources */ = {isa = PBXBuildFile; fileRef = 22C1D57B1EBFBF9300BD19FC /* AppDelegate.swift */; };
		22C1D57E1EBFBF9300BD19FC /* ViewController.swift in Sources */ = {isa = PBXBuildFile; fileRef = 22C1D57D1EBFBF9300BD19FC /* ViewController.swift */; };
		22C1D5811EBFBF9300BD19FC /* Main.storyboard in Resources */ = {isa = PBXBuildFile; fileRef = 22C1D57F1EBFBF9300BD19FC /* Main.storyboard */; };
		22C1D5831EBFBF9300BD19FC /* Assets.xcassets in Resources */ = {isa = PBXBuildFile; fileRef = 22C1D5821EBFBF9300BD19FC /* Assets.xcassets */; };
		22C1D5861EBFBF9300BD19FC /* LaunchScreen.storyboard in Resources */ = {isa = PBXBuildFile; fileRef = 22C1D5841EBFBF9300BD19FC /* LaunchScreen.storyboard */; };
		22C1D5911EBFBF9300BD19FC /* FoodTrackerTests.swift in Sources */ = {isa = PBXBuildFile; fileRef = 22C1D5901EBFBF9300BD19FC /* FoodTrackerTests.swift */; };
/* End PBXBuildFile section */

/* Begin PBXContainerItemProxy section */
		22C1D58D1EBFBF9300BD19FC /* PBXContainerItemProxy */ = {
			isa = PBXContainerItemProxy;
			containerPortal = 22C1D5701EBFBF9300BD19FC /* Project object */;
			proxyType = 1;
			remoteGlobalIDString = 22C1D5771EBFBF9300BD19FC;
			remoteInfo = FoodTracker;
		};
/* End PBXContainerItemProxy section */

/* Begin PBXFileReference section */
		22505AC81EC779E500E60A99 /* RatingControl.swift */ = {isa = PBXFileReference; fileEncoding = 4; lastKnownFileType = sourcecode.swift; path = RatingControl.swift; sourceTree = "<group>"; };
		22505ACA1EC793C200E60A99 /* Meal.swift */ = {isa = PBXFileReference; fileEncoding = 4; lastKnownFileType = sourcecode.swift; path = Meal.swift; sourceTree = "<group>"; };
		22C1D5781EBFBF9300BD19FC /* FoodTracker.app */ = {isa = PBXFileReference; explicitFileType = wrapper.application; includeInIndex = 0; path = FoodTracker.app; sourceTree = BUILT_PRODUCTS_DIR; };
		22C1D57B1EBFBF9300BD19FC /* AppDelegate.swift */ = {isa = PBXFileReference; lastKnownFileType = sourcecode.swift; path = AppDelegate.swift; sourceTree = "<group>"; };
		22C1D57D1EBFBF9300BD19FC /* ViewController.swift */ = {isa = PBXFileReference; lastKnownFileType = sourcecode.swift; path = ViewController.swift; sourceTree = "<group>"; };
		22C1D5801EBFBF9300BD19FC /* Base */ = {isa = PBXFileReference; lastKnownFileType = file.storyboard; name = Base; path = Base.lproj/Main.storyboard; sourceTree = "<group>"; };
		22C1D5821EBFBF9300BD19FC /* Assets.xcassets */ = {isa = PBXFileReference; lastKnownFileType = folder.assetcatalog; path = Assets.xcassets; sourceTree = "<group>"; };
		22C1D5851EBFBF9300BD19FC /* Base */ = {isa = PBXFileReference; lastKnownFileType = file.storyboard; name = Base; path = Base.lproj/LaunchScreen.storyboard; sourceTree = "<group>"; };
		22C1D5871EBFBF9300BD19FC /* Info.plist */ = {isa = PBXFileReference; lastKnownFileType = text.plist.xml; path = Info.plist; sourceTree = "<group>"; };
		22C1D58C1EBFBF9300BD19FC /* FoodTrackerTests.xctest */ = {isa = PBXFileReference; explicitFileType = wrapper.cfbundle; includeInIndex = 0; path = FoodTrackerTests.xctest; sourceTree = BUILT_PRODUCTS_DIR; };
		22C1D5901EBFBF9300BD19FC /* FoodTrackerTests.swift */ = {isa = PBXFileReference; lastKnownFileType = sourcecode.swift; path = FoodTrackerTests.swift; sourceTree = "<group>"; };
		22C1D5921EBFBF9300BD19FC /* Info.plist */ = {isa = PBXFileReference; lastKnownFileType = text.plist.xml; path = Info.plist; sourceTree = "<group>"; };
/* End PBXFileReference section */

/* Begin PBXFrameworksBuildPhase section */
		22C1D5751EBFBF9300BD19FC /* Frameworks */ = {
			isa = PBXFrameworksBuildPhase;
			buildActionMask = 2147483647;
			files = (
			);
			runOnlyForDeploymentPostprocessing = 0;
		};
		22C1D5891EBFBF9300BD19FC /* Frameworks */ = {
			isa = PBXFrameworksBuildPhase;
			buildActionMask = 2147483647;
			files = (
			);
			runOnlyForDeploymentPostprocessing = 0;
		};
/* End PBXFrameworksBuildPhase section */

/* Begin PBXGroup section */
		22C1D56F1EBFBF9300BD19FC = {
			isa = PBXGroup;
			children = (
				22C1D57A1EBFBF9300BD19FC /* FoodTracker */,
				22C1D58F1EBFBF9300BD19FC /* FoodTrackerTests */,
				22C1D5791EBFBF9300BD19FC /* Products */,
			);
			sourceTree = "<group>";
		};
		22C1D5791EBFBF9300BD19FC /* Products */ = {
			isa = PBXGroup;
			children = (
				22C1D5781EBFBF9300BD19FC /* FoodTracker.app */,
				22C1D58C1EBFBF9300BD19FC /* FoodTrackerTests.xctest */,
			);
			name = Products;
			sourceTree = "<group>";
		};
		22C1D57A1EBFBF9300BD19FC /* FoodTracker */ = {
			isa = PBXGroup;
			children = (
				22C1D57B1EBFBF9300BD19FC /* AppDelegate.swift */,
				22C1D57D1EBFBF9300BD19FC /* ViewController.swift */,
				22C1D57F1EBFBF9300BD19FC /* Main.storyboard */,
				22C1D5821EBFBF9300BD19FC /* Assets.xcassets */,
				22C1D5841EBFBF9300BD19FC /* LaunchScreen.storyboard */,
				22C1D5871EBFBF9300BD19FC /* Info.plist */,
				22505AC81EC779E500E60A99 /* RatingControl.swift */,
				22505ACA1EC793C200E60A99 /* Meal.swift */,
			);
			path = FoodTracker;
			sourceTree = "<group>";
		};
		22C1D58F1EBFBF9300BD19FC /* FoodTrackerTests */ = {
			isa = PBXGroup;
			children = (
				22C1D5901EBFBF9300BD19FC /* FoodTrackerTests.swift */,
				22C1D5921EBFBF9300BD19FC /* Info.plist */,
			);
			path = FoodTrackerTests;
			sourceTree = "<group>";
		};
/* End PBXGroup section */

/* Begin PBXNativeTarget section */
		22C1D5771EBFBF9300BD19FC /* FoodTracker */ = {
			isa = PBXNativeTarget;
			buildConfigurationList = 22C1D5951EBFBF9300BD19FC /* Build configuration list for PBXNativeTarget "FoodTracker" */;
			buildPhases = (
				22C1D5741EBFBF9300BD19FC /* Sources */,
				22C1D5751EBFBF9300BD19FC /* Frameworks */,
				22C1D5761EBFBF9300BD19FC /* Resources */,
			);
			buildRules = (
			);
			dependencies = (
			);
			name = FoodTracker;
			productName = FoodTracker;
			productReference = 22C1D5781EBFBF9300BD19FC /* FoodTracker.app */;
			productType = "com.apple.product-type.application";
		};
		22C1D58B1EBFBF9300BD19FC /* FoodTrackerTests */ = {
			isa = PBXNativeTarget;
			buildConfigurationList = 22C1D5981EBFBF9300BD19FC /* Build configuration list for PBXNativeTarget "FoodTrackerTests" */;
			buildPhases = (
				22C1D5881EBFBF9300BD19FC /* Sources */,
				22C1D5891EBFBF9300BD19FC /* Frameworks */,
				22C1D58A1EBFBF9300BD19FC /* Resources */,
			);
			buildRules = (
			);
			dependencies = (
				22C1D58E1EBFBF9300BD19FC /* PBXTargetDependency */,
			);
			name = FoodTrackerTests;
			productName = FoodTrackerTests;
			productReference = 22C1D58C1EBFBF9300BD19FC /* FoodTrackerTests.xctest */;
			productType = "com.apple.product-type.bundle.unit-test";
		};
/* End PBXNativeTarget section */

/* Begin PBXProject section */
		22C1D5701EBFBF9300BD19FC /* Project object */ = {
			isa = PBXProject;
			attributes = {
				LastSwiftUpdateCheck = 0830;
				LastUpgradeCheck = 0830;
				ORGANIZATIONNAME = "Cristhian Tolosa";
				TargetAttributes = {
					22C1D5771EBFBF9300BD19FC = {
						CreatedOnToolsVersion = 8.3.2;
						ProvisioningStyle = Automatic;
					};
					22C1D58B1EBFBF9300BD19FC = {
						CreatedOnToolsVersion = 8.3.2;
						ProvisioningStyle = Automatic;
						TestTargetID = 22C1D5771EBFBF9300BD19FC;
					};
				};
			};
			buildConfigurationList = 22C1D5731EBFBF9300BD19FC /* Build configuration list for PBXProject "FoodTracker" */;
			compatibilityVersion = "Xcode 3.2";
			developmentRegion = English;
			hasScannedForEncodings = 0;
			knownRegions = (
				en,
				Base,
			);
			mainGroup = 22C1D56F1EBFBF9300BD19FC;
			productRefGroup = 22C1D5791EBFBF9300BD19FC /* Products */;
			projectDirPath = "";
			projectRoot = "";
			targets = (
				22C1D5771EBFBF9300BD19FC /* FoodTracker */,
				22C1D58B1EBFBF9300BD19FC /* FoodTrackerTests */,
			);
		};
/* End PBXProject section */

/* Begin PBXResourcesBuildPhase section */
		22C1D5761EBFBF9300BD19FC /* Resources */ = {
			isa = PBXResourcesBuildPhase;
			buildActionMask = 2147483647;
			files = (
				22C1D5861EBFBF9300BD19FC /* LaunchScreen.storyboard in Resources */,
				22C1D5831EBFBF9300BD19FC /* Assets.xcassets in Resources */,
				22C1D5811EBFBF9300BD19FC /* Main.storyboard in Resources */,
			);
			runOnlyForDeploymentPostprocessing = 0;
		};
		22C1D58A1EBFBF9300BD19FC /* Resources */ = {
			isa = PBXResourcesBuildPhase;
			buildActionMask = 2147483647;
			files = (
			);
			runOnlyForDeploymentPostprocessing = 0;
		};
/* End PBXResourcesBuildPhase section */

/* Begin PBXSourcesBuildPhase section */
		22C1D5741EBFBF9300BD19FC /* Sources */ = {
			isa = PBXSourcesBuildPhase;
			buildActionMask = 2147483647;
			files = (
				22505ACB1EC793C200E60A99 /* Meal.swift in Sources */,
				22C1D57E1EBFBF9300BD19FC /* ViewController.swift in Sources */,
				22505AC91EC779E500E60A99 /* RatingControl.swift in Sources */,
				22C1D57C1EBFBF9300BD19FC /* AppDelegate.swift in Sources */,
			);
			runOnlyForDeploymentPostprocessing = 0;
		};
		22C1D5881EBFBF9300BD19FC /* Sources */ = {
			isa = PBXSourcesBuildPhase;
			buildActionMask = 2147483647;
			files = (
				22C1D5911EBFBF9300BD19FC /* FoodTrackerTests.swift in Sources */,
			);
			runOnlyForDeploymentPostprocessing = 0;
		};
/* End PBXSourcesBuildPhase section */

/* Begin PBXTargetDependency section */
		22C1D58E1EBFBF9300BD19FC /* PBXTargetDependency */ = {
			isa = PBXTargetDependency;
			target = 22C1D5771EBFBF9300BD19FC /* FoodTracker */;
			targetProxy = 22C1D58D1EBFBF9300BD19FC /* PBXContainerItemProxy */;
		};
/* End PBXTargetDependency section */

/* Begin PBXVariantGroup section */
		22C1D57F1EBFBF9300BD19FC /* Main.storyboard */ = {
			isa = PBXVariantGroup;
			children = (
				22C1D5801EBFBF9300BD19FC /* Base */,
			);
			name = Main.storyboard;
			sourceTree = "<group>";
		};
		22C1D5841EBFBF9300BD19FC /* LaunchScreen.storyboard */ = {
			isa = PBXVariantGroup;
			children = (
				22C1D5851EBFBF9300BD19FC /* Base */,
			);
			name = LaunchScreen.storyboard;
			sourceTree = "<group>";
		};
/* End PBXVariantGroup section */

/* Begin XCBuildConfiguration section */
		22C1D5931EBFBF9300BD19FC /* Debug */ = {
			isa = XCBuildConfiguration;
			buildSettings = {
				ALWAYS_SEARCH_USER_PATHS = NO;
				CLANG_ANALYZER_NONNULL = YES;
				CLANG_ANALYZER_NUMBER_OBJECT_CONVERSION = YES_AGGRESSIVE;
				CLANG_CXX_LANGUAGE_STANDARD = "gnu++0x";
				CLANG_CXX_LIBRARY = "libc++";
				CLANG_ENABLE_MODULES = YES;
				CLANG_ENABLE_OBJC_ARC = YES;
				CLANG_WARN_BOOL_CONVERSION = YES;
				CLANG_WARN_CONSTANT_CONVERSION = YES;
				CLANG_WARN_DIRECT_OBJC_ISA_USAGE = YES_ERROR;
				CLANG_WARN_DOCUMENTATION_COMMENTS = YES;
				CLANG_WARN_EMPTY_BODY = YES;
				CLANG_WARN_ENUM_CONVERSION = YES;
				CLANG_WARN_INFINITE_RECURSION = YES;
				CLANG_WARN_INT_CONVERSION = YES;
				CLANG_WARN_OBJC_ROOT_CLASS = YES_ERROR;
				CLANG_WARN_SUSPICIOUS_MOVE = YES;
				CLANG_WARN_UNREACHABLE_CODE = YES;
				CLANG_WARN__DUPLICATE_METHOD_MATCH = YES;
				"CODE_SIGN_IDENTITY[sdk=iphoneos*]" = "iPhone Developer";
				COPY_PHASE_STRIP = NO;
				DEBUG_INFORMATION_FORMAT = dwarf;
				ENABLE_STRICT_OBJC_MSGSEND = YES;
				ENABLE_TESTABILITY = YES;
				GCC_C_LANGUAGE_STANDARD = gnu99;
				GCC_DYNAMIC_NO_PIC = NO;
				GCC_NO_COMMON_BLOCKS = YES;
				GCC_OPTIMIZATION_LEVEL = 0;
				GCC_PREPROCESSOR_DEFINITIONS = (
					"DEBUG=1",
					"$(inherited)",
				);
				GCC_WARN_64_TO_32_BIT_CONVERSION = YES;
				GCC_WARN_ABOUT_RETURN_TYPE = YES_ERROR;
				GCC_WARN_UNDECLARED_SELECTOR = YES;
				GCC_WARN_UNINITIALIZED_AUTOS = YES_AGGRESSIVE;
				GCC_WARN_UNUSED_FUNCTION = YES;
				GCC_WARN_UNUSED_VARIABLE = YES;
				IPHONEOS_DEPLOYMENT_TARGET = 10.3;
				MTL_ENABLE_DEBUG_INFO = YES;
				ONLY_ACTIVE_ARCH = YES;
				SDKROOT = iphoneos;
				SWIFT_ACTIVE_COMPILATION_CONDITIONS = DEBUG;
				SWIFT_OPTIMIZATION_LEVEL = "-Onone";
				TARGETED_DEVICE_FAMILY = "1,2";
			};
			name = Debug;
		};
		22C1D5941EBFBF9300BD19FC /* Release */ = {
			isa = XCBuildConfiguration;
			buildSettings = {
				ALWAYS_SEARCH_USER_PATHS = NO;
				CLANG_ANALYZER_NONNULL = YES;
				CLANG_ANALYZER_NUMBER_OBJECT_CONVERSION = YES_AGGRESSIVE;
				CLANG_CXX_LANGUAGE_STANDARD = "gnu++0x";
				CLANG_CXX_LIBRARY = "libc++";
				CLANG_ENABLE_MODULES = YES;
				CLANG_ENABLE_OBJC_ARC = YES;
				CLANG_WARN_BOOL_CONVERSION = YES;
				CLANG_WARN_CONSTANT_CONVERSION = YES;
				CLANG_WARN_DIRECT_OBJC_ISA_USAGE = YES_ERROR;
				CLANG_WARN_DOCUMENTATION_COMMENTS = YES;
				CLANG_WARN_EMPTY_BODY = YES;
				CLANG_WARN_ENUM_CONVERSION = YES;
				CLANG_WARN_INFINITE_RECURSION = YES;
				CLANG_WARN_INT_CONVERSION = YES;
				CLANG_WARN_OBJC_ROOT_CLASS = YES_ERROR;
				CLANG_WARN_SUSPICIOUS_MOVE = YES;
				CLANG_WARN_UNREACHABLE_CODE = YES;
				CLANG_WARN__DUPLICATE_METHOD_MATCH = YES;
				"CODE_SIGN_IDENTITY[sdk=iphoneos*]" = "iPhone Developer";
				COPY_PHASE_STRIP = NO;
				DEBUG_INFORMATION_FORMAT = "dwarf-with-dsym";
				ENABLE_NS_ASSERTIONS = NO;
				ENABLE_STRICT_OBJC_MSGSEND = YES;
				GCC_C_LANGUAGE_STANDARD = gnu99;
				GCC_NO_COMMON_BLOCKS = YES;
				GCC_WARN_64_TO_32_BIT_CONVERSION = YES;
				GCC_WARN_ABOUT_RETURN_TYPE = YES_ERROR;
				GCC_WARN_UNDECLARED_SELECTOR = YES;
				GCC_WARN_UNINITIALIZED_AUTOS = YES_AGGRESSIVE;
				GCC_WARN_UNUSED_FUNCTION = YES;
				GCC_WARN_UNUSED_VARIABLE = YES;
				IPHONEOS_DEPLOYMENT_TARGET = 10.3;
				MTL_ENABLE_DEBUG_INFO = NO;
				SDKROOT = iphoneos;
				SWIFT_OPTIMIZATION_LEVEL = "-Owholemodule";
				TARGETED_DEVICE_FAMILY = "1,2";
				VALIDATE_PRODUCT = YES;
			};
			name = Release;
		};
		22C1D5961EBFBF9300BD19FC /* Debug */ = {
			isa = XCBuildConfiguration;
			buildSettings = {
				ASSETCATALOG_COMPILER_APPICON_NAME = AppIcon;
				INFOPLIST_FILE = FoodTracker/Info.plist;
				LD_RUNPATH_SEARCH_PATHS = "$(inherited) @executable_path/Frameworks";
				PRODUCT_BUNDLE_IDENTIFIER = com.example.FoodTracker;
				PRODUCT_NAME = "$(TARGET_NAME)";
				SWIFT_VERSION = 3.0;
			};
			name = Debug;
		};
		22C1D5971EBFBF9300BD19FC /* Release */ = {
			isa = XCBuildConfiguration;
			buildSettings = {
				ASSETCATALOG_COMPILER_APPICON_NAME = AppIcon;
				INFOPLIST_FILE = FoodTracker/Info.plist;
				LD_RUNPATH_SEARCH_PATHS = "$(inherited) @executable_path/Frameworks";
				PRODUCT_BUNDLE_IDENTIFIER = com.example.FoodTracker;
				PRODUCT_NAME = "$(TARGET_NAME)";
				SWIFT_VERSION = 3.0;
			};
			name = Release;
		};
		22C1D5991EBFBF9300BD19FC /* Debug */ = {
			isa = XCBuildConfiguration;
			buildSettings = {
				ALWAYS_EMBED_SWIFT_STANDARD_LIBRARIES = YES;
				BUNDLE_LOADER = "$(TEST_HOST)";
				INFOPLIST_FILE = FoodTrackerTests/Info.plist;
				LD_RUNPATH_SEARCH_PATHS = "$(inherited) @executable_path/Frameworks @loader_path/Frameworks";
				PRODUCT_BUNDLE_IDENTIFIER = com.example.FoodTrackerTests;
				PRODUCT_NAME = "$(TARGET_NAME)";
				SWIFT_VERSION = 3.0;
				TEST_HOST = "$(BUILT_PRODUCTS_DIR)/FoodTracker.app/FoodTracker";
			};
			name = Debug;
		};
		22C1D59A1EBFBF9300BD19FC /* Release */ = {
			isa = XCBuildConfiguration;
			buildSettings = {
				ALWAYS_EMBED_SWIFT_STANDARD_LIBRARIES = YES;
				BUNDLE_LOADER = "$(TEST_HOST)";
				INFOPLIST_FILE = FoodTrackerTests/Info.plist;
				LD_RUNPATH_SEARCH_PATHS = "$(inherited) @executable_path/Frameworks @loader_path/Frameworks";
				PRODUCT_BUNDLE_IDENTIFIER = com.example.FoodTrackerTests;
				PRODUCT_NAME = "$(TARGET_NAME)";
				SWIFT_VERSION = 3.0;
				TEST_HOST = "$(BUILT_PRODUCTS_DIR)/FoodTracker.app/FoodTracker";
			};
			name = Release;
		};
/* End XCBuildConfiguration section */

/* Begin XCConfigurationList section */
		22C1D5731EBFBF9300BD19FC /* Build configuration list for PBXProject "FoodTracker" */ = {
			isa = XCConfigurationList;
			buildConfigurations = (
				22C1D5931EBFBF9300BD19FC /* Debug */,
				22C1D5941EBFBF9300BD19FC /* Release */,
			);
			defaultConfigurationIsVisible = 0;
			defaultConfigurationName = Release;
		};
		22C1D5951EBFBF9300BD19FC /* Build configuration list for PBXNativeTarget "FoodTracker" */ = {
			isa = XCConfigurationList;
			buildConfigurations = (
				22C1D5961EBFBF9300BD19FC /* Debug */,
				22C1D5971EBFBF9300BD19FC /* Release */,
			);
			defaultConfigurationIsVisible = 0;
			defaultConfigurationName = Release;
		};
		22C1D5981EBFBF9300BD19FC /* Build configuration list for PBXNativeTarget "FoodTrackerTests" */ = {
			isa = XCConfigurationList;
			buildConfigurations = (
				22C1D5991EBFBF9300BD19FC /* Debug */,
				22C1D59A1EBFBF9300BD19FC /* Release */,
			);
			defaultConfigurationIsVisible = 0;
			defaultConfigurationName = Release;
		};
/* End XCConfigurationList section */
	};
	rootObject = 22C1D5701EBFBF9300BD19FC /* Project object */;
}
